
Microsoft Visual Studio Solution File, Format Version 12.00
# Visual Studio Version 17
VisualStudioVersion = 17.9.34728.123
MinimumVisualStudioVersion = 10.0.40219.1
Project("{FAE04EC0-301F-11D3-BF4B-00C04F79EFBC}") = "CarsRentalSystem", "CarsRentalSystem\CarsRentalSystem.csproj", "{188213D4-EEA4-4C1D-AD8B-4CF27A0E63C6}"
EndProject
Global
	GlobalSection(SolutionConfigurationPlatforms) = preSolution
		Debug|Any CPU = Debug|Any CPU
		Release|Any CPU = Release|Any CPU
	EndGlobalSection
	GlobalSection(ProjectConfigurationPlatforms) = postSolution
		{188213D4-EEA4-4C1D-AD8B-4CF27A0E63C6}.Debug|Any CPU.ActiveCfg = Debug|Any CPU
		{188213D4-EEA4-4C1D-AD8B-4CF27A0E63C6}.Debug|Any CPU.Build.0 = Debug|Any CPU
		{188213D4-EEA4-4C1D-AD8B-4CF27A0E63C6}.Release|Any CPU.ActiveCfg = Release|Any CPU
		{188213D4-EEA4-4C1D-AD8B-4CF27A0E63C6}.Release|Any CPU.Build.0 = Release|Any CPU
	EndGlobalSection
	GlobalSection(SolutionProperties) = preSolution
		HideSolutionNode = FALSE
	EndGlobalSection
	GlobalSection(ExtensibilityGlobals) = postSolution
		SolutionGuid = {25539EAB-EF8B-4F59-82C2-6772BED76B39}
	EndGlobalSection
EndGlobal
